// !$*UTF8*$!
{
	archiveVersion = 1;
	classes = {
	};
	objectVersion = 56;
	objects = {

		A749C1825C8063174B4908F4 /* AppRouter.swift */ = {isa = PBXFileReference; lastKnownFileType = sourcecode.swift; path = "AppRouter.swift"; sourceTree = "<group>"; };
		D07BC2745C10BB1CBE6BA228 /* AppRouter.swift in Sources */ = {isa = PBXBuildFile; fileRef = A749C1825C8063174B4908F4 /* AppRouter.swift */; };
		4BBC48997D21B8EC6BD7EEC7 /* FIXApp.swift */ = {isa = PBXFileReference; lastKnownFileType = sourcecode.swift; path = "FIXApp.swift"; sourceTree = "<group>"; };
		D4E8A4750851EF2277E0DE08 /* FIXApp.swift in Sources */ = {isa = PBXBuildFile; fileRef = 4BBC48997D21B8EC6BD7EEC7 /* FIXApp.swift */; };
		1EF3EE750DDCB0C25D4E0C8E /* FIXIntents.swift */ = {isa = PBXFileReference; lastKnownFileType = sourcecode.swift; path = "FIXIntents.swift"; sourceTree = "<group>"; };
		BA4E601FA04CB7B58BB52341 /* FIXIntents.swift in Sources */ = {isa = PBXBuildFile; fileRef = 1EF3EE750DDCB0C25D4E0C8E /* FIXIntents.swift */; };
		741BB0BD2CB2D32D6C610365 /* RootView.swift */ = {isa = PBXFileReference; lastKnownFileType = sourcecode.swift; path = "RootView.swift"; sourceTree = "<group>"; };
		69D7DF94B2221050164B243F /* RootView.swift in Sources */ = {isa = PBXBuildFile; fileRef = 741BB0BD2CB2D32D6C610365 /* RootView.swift */; };
		E1BFC5A846ACC6397281132E /* App */ = {
			isa = PBXGroup;
			children = (
				A749C1825C8063174B4908F4 /* AppRouter.swift */,
				4BBC48997D21B8EC6BD7EEC7 /* FIXApp.swift */,
				1EF3EE750DDCB0C25D4E0C8E /* FIXIntents.swift */,
				741BB0BD2CB2D32D6C610365 /* RootView.swift */,
			);
			path = "App";
			sourceTree = "<group>";
		};
		ABC8A81FCE91E7471A170832 /* Assets.xcassets */ = {isa = PBXFileReference; lastKnownFileType = folder.assetcatalog; path = "Assets.xcassets"; sourceTree = "<group>"; };
		7BFC5E91C7B197662185B99C /* Assets.xcassets in Resources */ = {isa = PBXBuildFile; fileRef = ABC8A81FCE91E7471A170832 /* Assets.xcassets */; };
		1FC6E5B0459B4639DBA035C8 /* AppConfiguration.swift */ = {isa = PBXFileReference; lastKnownFileType = sourcecode.swift; path = "AppConfiguration.swift"; sourceTree = "<group>"; };
		ED32482A0E093A35F8D7B08B /* AppConfiguration.swift in Sources */ = {isa = PBXBuildFile; fileRef = 1FC6E5B0459B4639DBA035C8 /* AppConfiguration.swift */; };
		07E6F5A76749336257862991 /* AppSettings.swift */ = {isa = PBXFileReference; lastKnownFileType = sourcecode.swift; path = "AppSettings.swift"; sourceTree = "<group>"; };
		9D3AA7B5FB9C57E50B716ACB /* AppSettings.swift in Sources */ = {isa = PBXBuildFile; fileRef = 07E6F5A76749336257862991 /* AppSettings.swift */; };
		CF9CEECF64564C7F5636608E /* ServiceContainer.swift */ = {isa = PBXFileReference; lastKnownFileType = sourcecode.swift; path = "ServiceContainer.swift"; sourceTree = "<group>"; };
		E554877C9A0D76CF013E14A7 /* ServiceContainer.swift in Sources */ = {isa = PBXBuildFile; fileRef = CF9CEECF64564C7F5636608E /* ServiceContainer.swift */; };
		5F7B376B279763834EFBAB54 /* Configuration */ = {
			isa = PBXGroup;
			children = (
				1FC6E5B0459B4639DBA035C8 /* AppConfiguration.swift */,
				07E6F5A76749336257862991 /* AppSettings.swift */,
				CF9CEECF64564C7F5636608E /* ServiceContainer.swift */,
			);
			path = "Configuration";
			sourceTree = "<group>";
		};
		7A36FB5534E3E4A47183A9BD /* DeviceCatalog.swift */ = {isa = PBXFileReference; lastKnownFileType = sourcecode.swift; path = "DeviceCatalog.swift"; sourceTree = "<group>"; };
		6881C027B706950249DCB9E1 /* DeviceCatalog.swift in Sources */ = {isa = PBXBuildFile; fileRef = 7A36FB5534E3E4A47183A9BD /* DeviceCatalog.swift */; };
		D14FE6305D680AB5EE4C1EFE /* Diagnosis.swift */ = {isa = PBXFileReference; lastKnownFileType = sourcecode.swift; path = "Diagnosis.swift"; sourceTree = "<group>"; };
		1701AB035D91523AEF156F43 /* Diagnosis.swift in Sources */ = {isa = PBXBuildFile; fileRef = D14FE6305D680AB5EE4C1EFE /* Diagnosis.swift */; };
		7BC1B485BBFBA4EE4C0C605A /* DiagnosisRequest.swift */ = {isa = PBXFileReference; lastKnownFileType = sourcecode.swift; path = "DiagnosisRequest.swift"; sourceTree = "<group>"; };
		73967CB0B86F6C899C8EECDF /* DiagnosisRequest.swift in Sources */ = {isa = PBXBuildFile; fileRef = 7BC1B485BBFBA4EE4C0C605A /* DiagnosisRequest.swift */; };
		C34E4F250D353CECFE5E62FE /* LenientDecoding.swift */ = {isa = PBXFileReference; lastKnownFileType = sourcecode.swift; path = "LenientDecoding.swift"; sourceTree = "<group>"; };
		FFC3CBA5944CCCAA610E117C /* LenientDecoding.swift in Sources */ = {isa = PBXBuildFile; fileRef = C34E4F250D353CECFE5E62FE /* LenientDecoding.swift */; };
		5915C56E781B1D5D35285A3E /* ProblemCategory.swift */ = {isa = PBXFileReference; lastKnownFileType = sourcecode.swift; path = "ProblemCategory.swift"; sourceTree = "<group>"; };
		D4863858F2B0CB3B217C2469 /* ProblemCategory.swift in Sources */ = {isa = PBXBuildFile; fileRef = 5915C56E781B1D5D35285A3E /* ProblemCategory.swift */; };
		47495DA25C1682FA124A203C /* ProblemDetails.swift */ = {isa = PBXFileReference; lastKnownFileType = sourcecode.swift; path = "ProblemDetails.swift"; sourceTree = "<group>"; };
		BE9EBD605BEC21B22709F926 /* ProblemDetails.swift in Sources */ = {isa = PBXBuildFile; fileRef = 47495DA25C1682FA124A203C /* ProblemDetails.swift */; };
		AF230A901AF211877C4F5DD1 /* TroubleshootingSession.swift */ = {isa = PBXFileReference; lastKnownFileType = sourcecode.swift; path = "TroubleshootingSession.swift"; sourceTree = "<group>"; };
		29BF8317B7F5859604C5CA02 /* TroubleshootingSession.swift in Sources */ = {isa = PBXBuildFile; fileRef = AF230A901AF211877C4F5DD1 /* TroubleshootingSession.swift */; };
		FFB6AB5C072225359E9932B3 /* VideoResult.swift */ = {isa = PBXFileReference; lastKnownFileType = sourcecode.swift; path = "VideoResult.swift"; sourceTree = "<group>"; };
		6D5E9703719B3E6B9BA85A31 /* VideoResult.swift in Sources */ = {isa = PBXBuildFile; fileRef = FFB6AB5C072225359E9932B3 /* VideoResult.swift */; };
		97A0F990E8BA879ECF7C05A9 /* Models */ = {
			isa = PBXGroup;
			children = (
				7A36FB5534E3E4A47183A9BD /* DeviceCatalog.swift */,
				D14FE6305D680AB5EE4C1EFE /* Diagnosis.swift */,
				7BC1B485BBFBA4EE4C0C605A /* DiagnosisRequest.swift */,
				C34E4F250D353CECFE5E62FE /* LenientDecoding.swift */,
				5915C56E781B1D5D35285A3E /* ProblemCategory.swift */,
				47495DA25C1682FA124A203C /* ProblemDetails.swift */,
				AF230A901AF211877C4F5DD1 /* TroubleshootingSession.swift */,
				FFB6AB5C072225359E9932B3 /* VideoResult.swift */,
			);
			path = "Models";
			sourceTree = "<group>";
		};
		D284CDCD983D8B06C0D4EEBD /* APIClient.swift */ = {isa = PBXFileReference; lastKnownFileType = sourcecode.swift; path = "APIClient.swift"; sourceTree = "<group>"; };
		C7599230F23D0AF62F318EAA /* APIClient.swift in Sources */ = {isa = PBXBuildFile; fileRef = D284CDCD983D8B06C0D4EEBD /* APIClient.swift */; };
		D8772753E9967175D258D3AE /* APIError.swift */ = {isa = PBXFileReference; lastKnownFileType = sourcecode.swift; path = "APIError.swift"; sourceTree = "<group>"; };
		8E5036FC8991CBF053522149 /* APIError.swift in Sources */ = {isa = PBXBuildFile; fileRef = D8772753E9967175D258D3AE /* APIError.swift */; };
		741C2DC27B4A2026329E8396 /* Networking */ = {
			isa = PBXGroup;
			children = (
				D284CDCD983D8B06C0D4EEBD /* APIClient.swift */,
				D8772753E9967175D258D3AE /* APIError.swift */,
			);
			path = "Networking";
			sourceTree = "<group>";
		};
		385ACEE090BBF3BC99D78112 /* Library.swift */ = {isa = PBXFileReference; lastKnownFileType = sourcecode.swift; path = "Library.swift"; sourceTree = "<group>"; };
		44CB64F23D54FB918A8959F1 /* Library.swift in Sources */ = {isa = PBXBuildFile; fileRef = 385ACEE090BBF3BC99D78112 /* Library.swift */; };
		21ECDEC47333C99A661C2758 /* StoredModels.swift */ = {isa = PBXFileReference; lastKnownFileType = sourcecode.swift; path = "StoredModels.swift"; sourceTree = "<group>"; };
		8B42B0CE12CD70AC990AEAED /* StoredModels.swift in Sources */ = {isa = PBXBuildFile; fileRef = 21ECDEC47333C99A661C2758 /* StoredModels.swift */; };
		ED17185C056AA86565A0B73D /* Persistence */ = {
			isa = PBXGroup;
			children = (
				385ACEE090BBF3BC99D78112 /* Library.swift */,
				21ECDEC47333C99A661C2758 /* StoredModels.swift */,
			);
			path = "Persistence";
			sourceTree = "<group>";
		};
		1306E57C526F970F1920616D /* Preview Assets.xcassets */ = {isa = PBXFileReference; lastKnownFileType = folder.assetcatalog; path = "Preview Assets.xcassets"; sourceTree = "<group>"; };
		3564ACD7FC4BE9F4C3EC913C /* Preview Assets.xcassets in Resources */ = {isa = PBXBuildFile; fileRef = 1306E57C526F970F1920616D /* Preview Assets.xcassets */; };
		1E64B4632E3F169DA5A68EF3 /* Preview Content */ = {
			isa = PBXGroup;
			children = (
				1306E57C526F970F1920616D /* Preview Assets.xcassets */,
			);
			path = "Preview Content";
			sourceTree = "<group>";
		};
		501A6964A2991BA222FF96D0 /* Resources */ = {
			isa = PBXGroup;
			children = (

			);
			path = "Resources";
			sourceTree = "<group>";
		};
		9D59BFAAFA557DD737B8F71F /* AIService.swift */ = {isa = PBXFileReference; lastKnownFileType = sourcecode.swift; path = "AIService.swift"; sourceTree = "<group>"; };
		36D546BE53A3674302D5D57F /* AIService.swift in Sources */ = {isa = PBXBuildFile; fileRef = 9D59BFAAFA557DD737B8F71F /* AIService.swift */; };
		C6828DE9ACA8274790426504 /* FallbackAIService.swift */ = {isa = PBXFileReference; lastKnownFileType = sourcecode.swift; path = "FallbackAIService.swift"; sourceTree = "<group>"; };
		AD439B91D29BEB01DF7B6A83 /* FallbackAIService.swift in Sources */ = {isa = PBXBuildFile; fileRef = C6828DE9ACA8274790426504 /* FallbackAIService.swift */; };
		1EDADF41EC3B9229C5D6531C /* FIXPrompt.swift */ = {isa = PBXFileReference; lastKnownFileType = sourcecode.swift; path = "FIXPrompt.swift"; sourceTree = "<group>"; };
		28D05BD81B971A97E1A23CA2 /* FIXPrompt.swift in Sources */ = {isa = PBXBuildFile; fileRef = 1EDADF41EC3B9229C5D6531C /* FIXPrompt.swift */; };
		4C0B1B869DA531885383D005 /* GroqService.swift */ = {isa = PBXFileReference; lastKnownFileType = sourcecode.swift; path = "GroqService.swift"; sourceTree = "<group>"; };
		4C47CE3F3D8ED2A50F2FC0C4 /* GroqService.swift in Sources */ = {isa = PBXBuildFile; fileRef = 4C0B1B869DA531885383D005 /* GroqService.swift */; };
		A79640169CF92F2C239AB1DC /* NetworkMonitor.swift */ = {isa = PBXFileReference; lastKnownFileType = sourcecode.swift; path = "NetworkMonitor.swift"; sourceTree = "<group>"; };
		BB3509B8EDE1BA0406ED07DA /* NetworkMonitor.swift in Sources */ = {isa = PBXBuildFile; fileRef = A79640169CF92F2C239AB1DC /* NetworkMonitor.swift */; };
		EF42BAE50E4F30A3A3143562 /* ResponseCache.swift */ = {isa = PBXFileReference; lastKnownFileType = sourcecode.swift; path = "ResponseCache.swift"; sourceTree = "<group>"; };
		E1D45F5786F325ED6A21E02E /* ResponseCache.swift in Sources */ = {isa = PBXBuildFile; fileRef = EF42BAE50E4F30A3A3143562 /* ResponseCache.swift */; };
		EB92547C9938003A4621D28C /* TroubleshootingService.swift */ = {isa = PBXFileReference; lastKnownFileType = sourcecode.swift; path = "TroubleshootingService.swift"; sourceTree = "<group>"; };
		F0B938C2C6F892EC8F6A7EEB /* TroubleshootingService.swift in Sources */ = {isa = PBXBuildFile; fileRef = EB92547C9938003A4621D28C /* TroubleshootingService.swift */; };
		9357AE34437809BA88B410C6 /* VideoRelevanceRanker.swift */ = {isa = PBXFileReference; lastKnownFileType = sourcecode.swift; path = "VideoRelevanceRanker.swift"; sourceTree = "<group>"; };
		27152D462C6E949627B46137 /* VideoRelevanceRanker.swift in Sources */ = {isa = PBXBuildFile; fileRef = 9357AE34437809BA88B410C6 /* VideoRelevanceRanker.swift */; };
		A6B0FD07356779B0E247279B /* VideoSearchService.swift */ = {isa = PBXFileReference; lastKnownFileType = sourcecode.swift; path = "VideoSearchService.swift"; sourceTree = "<group>"; };
		3F388C49A30542D340412985 /* VideoSearchService.swift in Sources */ = {isa = PBXBuildFile; fileRef = A6B0FD07356779B0E247279B /* VideoSearchService.swift */; };
		3006A457DAE3998818EDF343 /* YouTubeVideoSearchService.swift */ = {isa = PBXFileReference; lastKnownFileType = sourcecode.swift; path = "YouTubeVideoSearchService.swift"; sourceTree = "<group>"; };
		A08EA71C8E80AEDF2CCBAA43 /* YouTubeVideoSearchService.swift in Sources */ = {isa = PBXBuildFile; fileRef = 3006A457DAE3998818EDF343 /* YouTubeVideoSearchService.swift */; };
		3426ACD29455D2E15873D32A /* Services */ = {
			isa = PBXGroup;
			children = (
				9D59BFAAFA557DD737B8F71F /* AIService.swift */,
				C6828DE9ACA8274790426504 /* FallbackAIService.swift */,
				1EDADF41EC3B9229C5D6531C /* FIXPrompt.swift */,
				4C0B1B869DA531885383D005 /* GroqService.swift */,
				A79640169CF92F2C239AB1DC /* NetworkMonitor.swift */,
				EF42BAE50E4F30A3A3143562 /* ResponseCache.swift */,
				EB92547C9938003A4621D28C /* TroubleshootingService.swift */,
				9357AE34437809BA88B410C6 /* VideoRelevanceRanker.swift */,
				A6B0FD07356779B0E247279B /* VideoSearchService.swift */,
				3006A457DAE3998818EDF343 /* YouTubeVideoSearchService.swift */,
			);
			path = "Services";
			sourceTree = "<group>";
		};
		37F96F20B99230182F070F2D /* TextFormatting.swift */ = {isa = PBXFileReference; lastKnownFileType = sourcecode.swift; path = "TextFormatting.swift"; sourceTree = "<group>"; };
		ABEB79DD72B4BBFF63BF4533 /* TextFormatting.swift in Sources */ = {isa = PBXBuildFile; fileRef = 37F96F20B99230182F070F2D /* TextFormatting.swift */; };
		759B2105595FAC660D1E3E16 /* Utilities */ = {
			isa = PBXGroup;
			children = (
				37F96F20B99230182F070F2D /* TextFormatting.swift */,
			);
			path = "Utilities";
			sourceTree = "<group>";
		};
		286278DE86E8202DA2C9CDBC /* DeviceCareViewModel.swift */ = {isa = PBXFileReference; lastKnownFileType = sourcecode.swift; path = "DeviceCareViewModel.swift"; sourceTree = "<group>"; };
		E27AC243542EFD878B41511A /* DeviceCareViewModel.swift in Sources */ = {isa = PBXBuildFile; fileRef = 286278DE86E8202DA2C9CDBC /* DeviceCareViewModel.swift */; };
		38C4D6D461C6D6E35747656C /* DiagnoseViewModel.swift */ = {isa = PBXFileReference; lastKnownFileType = sourcecode.swift; path = "DiagnoseViewModel.swift"; sourceTree = "<group>"; };
		3DF858D3E4594B21E2EB29CF /* DiagnoseViewModel.swift in Sources */ = {isa = PBXBuildFile; fileRef = 38C4D6D461C6D6E35747656C /* DiagnoseViewModel.swift */; };
		99E2D7F162109B9B73E4DE0D /* SessionViewModel.swift */ = {isa = PBXFileReference; lastKnownFileType = sourcecode.swift; path = "SessionViewModel.swift"; sourceTree = "<group>"; };
		DDF3D96A52321688530D27DB /* SessionViewModel.swift in Sources */ = {isa = PBXBuildFile; fileRef = 99E2D7F162109B9B73E4DE0D /* SessionViewModel.swift */; };
		CA6526C99757AC5238618A93 /* ViewModels */ = {
			isa = PBXGroup;
			children = (
				286278DE86E8202DA2C9CDBC /* DeviceCareViewModel.swift */,
				38C4D6D461C6D6E35747656C /* DiagnoseViewModel.swift */,
				99E2D7F162109B9B73E4DE0D /* SessionViewModel.swift */,
			);
			path = "ViewModels";
			sourceTree = "<group>";
		};
		FAC24EA33079428BA809AD86 /* BindingHelpers.swift */ = {isa = PBXFileReference; lastKnownFileType = sourcecode.swift; path = "BindingHelpers.swift"; sourceTree = "<group>"; };
		F888954C84CEDF68344C3E7A /* BindingHelpers.swift in Sources */ = {isa = PBXBuildFile; fileRef = FAC24EA33079428BA809AD86 /* BindingHelpers.swift */; };
		016A9DDB95A9A01865672850 /* BulletLabelStyle.swift */ = {isa = PBXFileReference; lastKnownFileType = sourcecode.swift; path = "BulletLabelStyle.swift"; sourceTree = "<group>"; };
		DB1B470E40DC86D195CCD458 /* BulletLabelStyle.swift in Sources */ = {isa = PBXBuildFile; fileRef = 016A9DDB95A9A01865672850 /* BulletLabelStyle.swift */; };
		FE22F4DF16DB0511968F6DE4 /* CareTipRow.swift */ = {isa = PBXFileReference; lastKnownFileType = sourcecode.swift; path = "CareTipRow.swift"; sourceTree = "<group>"; };
		1868066F9E761A19DCA0E1A2 /* CareTipRow.swift in Sources */ = {isa = PBXBuildFile; fileRef = FE22F4DF16DB0511968F6DE4 /* CareTipRow.swift */; };
		A672A0B92499EB8160B210D7 /* ErrorStateView.swift */ = {isa = PBXFileReference; lastKnownFileType = sourcecode.swift; path = "ErrorStateView.swift"; sourceTree = "<group>"; };
		DAB3963BE36D05DE2C4D7437 /* ErrorStateView.swift in Sources */ = {isa = PBXBuildFile; fileRef = A672A0B92499EB8160B210D7 /* ErrorStateView.swift */; };
		DDC593A0F99838EECBAB2CFF /* PreviewSupport.swift */ = {isa = PBXFileReference; lastKnownFileType = sourcecode.swift; path = "PreviewSupport.swift"; sourceTree = "<group>"; };
		B05BFFCC513A6D3713AB4CFE /* PreviewSupport.swift in Sources */ = {isa = PBXBuildFile; fileRef = DDC593A0F99838EECBAB2CFF /* PreviewSupport.swift */; };
		1E8061C2F5CE0CB5DDE921CB /* Components */ = {
			isa = PBXGroup;
			children = (
				FAC24EA33079428BA809AD86 /* BindingHelpers.swift */,
				016A9DDB95A9A01865672850 /* BulletLabelStyle.swift */,
				FE22F4DF16DB0511968F6DE4 /* CareTipRow.swift */,
				A672A0B92499EB8160B210D7 /* ErrorStateView.swift */,
				DDC593A0F99838EECBAB2CFF /* PreviewSupport.swift */,
			);
			path = "Components";
			sourceTree = "<group>";
		};
		62C50BE14E0AEADC55D37823 /* DeviceDetailView.swift */ = {isa = PBXFileReference; lastKnownFileType = sourcecode.swift; path = "DeviceDetailView.swift"; sourceTree = "<group>"; };
		1443D878AB4FD111ACA38575 /* DeviceDetailView.swift in Sources */ = {isa = PBXBuildFile; fileRef = 62C50BE14E0AEADC55D37823 /* DeviceDetailView.swift */; };
		FD26F3CC5821685188F6039F /* DevicesView.swift */ = {isa = PBXFileReference; lastKnownFileType = sourcecode.swift; path = "DevicesView.swift"; sourceTree = "<group>"; };
		1ADE7F92E41289BF9A943237 /* DevicesView.swift in Sources */ = {isa = PBXBuildFile; fileRef = FD26F3CC5821685188F6039F /* DevicesView.swift */; };
		D01BB65DD2E78177A72E493C /* Devices */ = {
			isa = PBXGroup;
			children = (
				62C50BE14E0AEADC55D37823 /* DeviceDetailView.swift */,
				FD26F3CC5821685188F6039F /* DevicesView.swift */,
			);
			path = "Devices";
			sourceTree = "<group>";
		};
		A032B3BD5199B05B864CCEE3 /* DeviceSuggestionRow.swift */ = {isa = PBXFileReference; lastKnownFileType = sourcecode.swift; path = "DeviceSuggestionRow.swift"; sourceTree = "<group>"; };
		653D92C795AE485C804F57AB /* DeviceSuggestionRow.swift in Sources */ = {isa = PBXBuildFile; fileRef = A032B3BD5199B05B864CCEE3 /* DeviceSuggestionRow.swift */; };
		6204283FDA20A91E91AFE601 /* DiagnoseView.swift */ = {isa = PBXFileReference; lastKnownFileType = sourcecode.swift; path = "DiagnoseView.swift"; sourceTree = "<group>"; };
		ADB045E6E824E884F1B229C0 /* DiagnoseView.swift in Sources */ = {isa = PBXBuildFile; fileRef = 6204283FDA20A91E91AFE601 /* DiagnoseView.swift */; };
		69C796454123D3B6C2F92BF3 /* Diagnose */ = {
			isa = PBXGroup;
			children = (
				A032B3BD5199B05B864CCEE3 /* DeviceSuggestionRow.swift */,
				6204283FDA20A91E91AFE601 /* DiagnoseView.swift */,
			);
			path = "Diagnose";
			sourceTree = "<group>";
		};
		E60EFA2E30427BA922A93BE2 /* HistoryView.swift */ = {isa = PBXFileReference; lastKnownFileType = sourcecode.swift; path = "HistoryView.swift"; sourceTree = "<group>"; };
		7398CEBB8FF945D626B5D657 /* HistoryView.swift in Sources */ = {isa = PBXBuildFile; fileRef = E60EFA2E30427BA922A93BE2 /* HistoryView.swift */; };
		87E9C2D3CFE52090F4AF3BB0 /* History */ = {
			isa = PBXGroup;
			children = (
				E60EFA2E30427BA922A93BE2 /* HistoryView.swift */,
			);
			path = "History";
			sourceTree = "<group>";
		};
		02E437416E435B1B0D1283C9 /* DiagnosisProgressView.swift */ = {isa = PBXFileReference; lastKnownFileType = sourcecode.swift; path = "DiagnosisProgressView.swift"; sourceTree = "<group>"; };
		A856AB87DA8C38BE7526C494 /* DiagnosisProgressView.swift in Sources */ = {isa = PBXBuildFile; fileRef = 02E437416E435B1B0D1283C9 /* DiagnosisProgressView.swift */; };
		24A693E5FA3640636DA89300 /* SessionView.swift */ = {isa = PBXFileReference; lastKnownFileType = sourcecode.swift; path = "SessionView.swift"; sourceTree = "<group>"; };
		9560E59154943B472577054D /* SessionView.swift in Sources */ = {isa = PBXBuildFile; fileRef = 24A693E5FA3640636DA89300 /* SessionView.swift */; };
		DE09B7B894422D354D8AED46 /* StepRow.swift */ = {isa = PBXFileReference; lastKnownFileType = sourcecode.swift; path = "StepRow.swift"; sourceTree = "<group>"; };
		67FF25928F30E966EB873432 /* StepRow.swift in Sources */ = {isa = PBXBuildFile; fileRef = DE09B7B894422D354D8AED46 /* StepRow.swift */; };
		385A04CBAE5E5C4EB695825C /* StoredSessionDestination.swift */ = {isa = PBXFileReference; lastKnownFileType = sourcecode.swift; path = "StoredSessionDestination.swift"; sourceTree = "<group>"; };
		8FF56D8CF227EFEEEA56DB09 /* StoredSessionDestination.swift in Sources */ = {isa = PBXBuildFile; fileRef = 385A04CBAE5E5C4EB695825C /* StoredSessionDestination.swift */; };
		7DEC4B613E426C6348FA3016 /* VideoRow.swift */ = {isa = PBXFileReference; lastKnownFileType = sourcecode.swift; path = "VideoRow.swift"; sourceTree = "<group>"; };
		890ADDF56C178A3C0F4881F2 /* VideoRow.swift in Sources */ = {isa = PBXBuildFile; fileRef = 7DEC4B613E426C6348FA3016 /* VideoRow.swift */; };
		3FA9D9B1D29D00FE40A74B6C /* Session */ = {
			isa = PBXGroup;
			children = (
				02E437416E435B1B0D1283C9 /* DiagnosisProgressView.swift */,
				24A693E5FA3640636DA89300 /* SessionView.swift */,
				DE09B7B894422D354D8AED46 /* StepRow.swift */,
				385A04CBAE5E5C4EB695825C /* StoredSessionDestination.swift */,
				7DEC4B613E426C6348FA3016 /* VideoRow.swift */,
			);
			path = "Session";
			sourceTree = "<group>";
		};
		BB15A1D4A58ECFEFAEE5CDC6 /* PrivacyView.swift */ = {isa = PBXFileReference; lastKnownFileType = sourcecode.swift; path = "PrivacyView.swift"; sourceTree = "<group>"; };
		9DD7491D1232F99DC70F5E73 /* PrivacyView.swift in Sources */ = {isa = PBXBuildFile; fileRef = BB15A1D4A58ECFEFAEE5CDC6 /* PrivacyView.swift */; };
		17B2CD450B20F072A1AC6532 /* SettingsView.swift */ = {isa = PBXFileReference; lastKnownFileType = sourcecode.swift; path = "SettingsView.swift"; sourceTree = "<group>"; };
		9ABBDE0C9FB234BA9BAAAE31 /* SettingsView.swift in Sources */ = {isa = PBXBuildFile; fileRef = 17B2CD450B20F072A1AC6532 /* SettingsView.swift */; };
		4648172ECE67B08695936F40 /* Settings */ = {
			isa = PBXGroup;
			children = (
				BB15A1D4A58ECFEFAEE5CDC6 /* PrivacyView.swift */,
				17B2CD450B20F072A1AC6532 /* SettingsView.swift */,
			);
			path = "Settings";
			sourceTree = "<group>";
		};
		418210CD5B526F052C6E4925 /* Views */ = {
			isa = PBXGroup;
			children = (
				1E8061C2F5CE0CB5DDE921CB /* Components */,
				D01BB65DD2E78177A72E493C /* Devices */,
				69C796454123D3B6C2F92BF3 /* Diagnose */,
				87E9C2D3CFE52090F4AF3BB0 /* History */,
				3FA9D9B1D29D00FE40A74B6C /* Session */,
				4648172ECE67B08695936F40 /* Settings */,
			);
			path = "Views";
			sourceTree = "<group>";
		};
		AC77316741C130BC58D47B64 /* FIX */ = {
			isa = PBXGroup;
			children = (
				E1BFC5A846ACC6397281132E /* App */,
				ABC8A81FCE91E7471A170832 /* Assets.xcassets */,
				5F7B376B279763834EFBAB54 /* Configuration */,
				97A0F990E8BA879ECF7C05A9 /* Models */,
				741C2DC27B4A2026329E8396 /* Networking */,
				ED17185C056AA86565A0B73D /* Persistence */,
				1E64B4632E3F169DA5A68EF3 /* Preview Content */,
				501A6964A2991BA222FF96D0 /* Resources */,
				3426ACD29455D2E15873D32A /* Services */,
				759B2105595FAC660D1E3E16 /* Utilities */,
				CA6526C99757AC5238618A93 /* ViewModels */,
				418210CD5B526F052C6E4925 /* Views */,
			);
			path = "FIX";
			sourceTree = "<group>";
		};
		5A02BBC7AC5892E72F748E0D /* APIClientTests.swift */ = {isa = PBXFileReference; lastKnownFileType = sourcecode.swift; path = "APIClientTests.swift"; sourceTree = "<group>"; };
		753CBAD331EF151D69B08189 /* APIClientTests.swift in Sources */ = {isa = PBXBuildFile; fileRef = 5A02BBC7AC5892E72F748E0D /* APIClientTests.swift */; };
		21DE411AECDBDDF0CE752417 /* DeviceCatalogTests.swift */ = {isa = PBXFileReference; lastKnownFileType = sourcecode.swift; path = "DeviceCatalogTests.swift"; sourceTree = "<group>"; };
		E0D8F806AED9B0612A55A7E7 /* DeviceCatalogTests.swift in Sources */ = {isa = PBXBuildFile; fileRef = 21DE411AECDBDDF0CE752417 /* DeviceCatalogTests.swift */; };
		3804157FB05E0AB8244A245A /* DiagnosisDecodingTests.swift */ = {isa = PBXFileReference; lastKnownFileType = sourcecode.swift; path = "DiagnosisDecodingTests.swift"; sourceTree = "<group>"; };
		6F0C6438673F60C563A5BA7F /* DiagnosisDecodingTests.swift in Sources */ = {isa = PBXBuildFile; fileRef = 3804157FB05E0AB8244A245A /* DiagnosisDecodingTests.swift */; };
		1AE315A1FD968BE4A343A2C7 /* GroqServiceTests.swift */ = {isa = PBXFileReference; lastKnownFileType = sourcecode.swift; path = "GroqServiceTests.swift"; sourceTree = "<group>"; };
		4C9F5A14C71A91107C0D071F /* GroqServiceTests.swift in Sources */ = {isa = PBXBuildFile; fileRef = 1AE315A1FD968BE4A343A2C7 /* GroqServiceTests.swift */; };
		355F75BE3CC0FABC23939CFD /* InterfaceStateTests.swift */ = {isa = PBXFileReference; lastKnownFileType = sourcecode.swift; path = "InterfaceStateTests.swift"; sourceTree = "<group>"; };
		D17F8C5750122661978A89D7 /* InterfaceStateTests.swift in Sources */ = {isa = PBXBuildFile; fileRef = 355F75BE3CC0FABC23939CFD /* InterfaceStateTests.swift */; };
		8F360330736B22C2393F61BE /* SessionStateTests.swift */ = {isa = PBXFileReference; lastKnownFileType = sourcecode.swift; path = "SessionStateTests.swift"; sourceTree = "<group>"; };
		A6BBF0445AD96B6B98FFBF43 /* SessionStateTests.swift in Sources */ = {isa = PBXBuildFile; fileRef = 8F360330736B22C2393F61BE /* SessionStateTests.swift */; };
		71166D79FD1D8DD61CFB1FF4 /* TestSupport.swift */ = {isa = PBXFileReference; lastKnownFileType = sourcecode.swift; path = "TestSupport.swift"; sourceTree = "<group>"; };
		FA9455DCF6168BFC9FF6CCE3 /* TestSupport.swift in Sources */ = {isa = PBXBuildFile; fileRef = 71166D79FD1D8DD61CFB1FF4 /* TestSupport.swift */; };
		CB3A8D38EF669F705124D110 /* TroubleshootingServiceTests.swift */ = {isa = PBXFileReference; lastKnownFileType = sourcecode.swift; path = "TroubleshootingServiceTests.swift"; sourceTree = "<group>"; };
		110AEF8442F6972B4810696D /* TroubleshootingServiceTests.swift in Sources */ = {isa = PBXBuildFile; fileRef = CB3A8D38EF669F705124D110 /* TroubleshootingServiceTests.swift */; };
		A73456D1365CDE687A6EDC31 /* VideoSearchTests.swift */ = {isa = PBXFileReference; lastKnownFileType = sourcecode.swift; path = "VideoSearchTests.swift"; sourceTree = "<group>"; };
		343CC1C13447642828C5824E /* VideoSearchTests.swift in Sources */ = {isa = PBXBuildFile; fileRef = A73456D1365CDE687A6EDC31 /* VideoSearchTests.swift */; };
		E5BD6D7D01F78A56876323B0 /* FIXTests */ = {
			isa = PBXGroup;
			children = (
				5A02BBC7AC5892E72F748E0D /* APIClientTests.swift */,
				21DE411AECDBDDF0CE752417 /* DeviceCatalogTests.swift */,
				3804157FB05E0AB8244A245A /* DiagnosisDecodingTests.swift */,
				1AE315A1FD968BE4A343A2C7 /* GroqServiceTests.swift */,
				355F75BE3CC0FABC23939CFD /* InterfaceStateTests.swift */,
				8F360330736B22C2393F61BE /* SessionStateTests.swift */,
				71166D79FD1D8DD61CFB1FF4 /* TestSupport.swift */,
				CB3A8D38EF669F705124D110 /* TroubleshootingServiceTests.swift */,
				A73456D1365CDE687A6EDC31 /* VideoSearchTests.swift */,
			);
			path = "FIXTests";
			sourceTree = "<group>";
		};
		0C989B914EB3A37D8F7C94E3 /* Base.xcconfig */ = {isa = PBXFileReference; lastKnownFileType = text.xcconfig; path = "Base.xcconfig"; sourceTree = "<group>"; };
		E3E2446FE3174E769C0799E1 /* Info.plist */ = {isa = PBXFileReference; lastKnownFileType = text.plist.xml; path = "Info.plist"; sourceTree = "<group>"; };
		7D9ACC9D34FD11B88219E1C9 /* Secrets.example.xcconfig */ = {isa = PBXFileReference; lastKnownFileType = text.xcconfig; path = "Secrets.example.xcconfig"; sourceTree = "<group>"; };
		BD13AA3ACFF3D0C2ED6E4720 /* Config */ = {
			isa = PBXGroup;
			children = (
				0C989B914EB3A37D8F7C94E3 /* Base.xcconfig */,
				E3E2446FE3174E769C0799E1 /* Info.plist */,
				7D9ACC9D34FD11B88219E1C9 /* Secrets.example.xcconfig */,
			);
			path = "Config";
			sourceTree = "<group>";
		};
		F7408FA1AF899F069A48A14E /* README.md */ = {isa = PBXFileReference; lastKnownFileType = net.daringfireball.markdown; path = "README.md"; sourceTree = "<group>"; };
		F1830C58D65D094F2D80B2A1 /* CHANGELOG.md */ = {isa = PBXFileReference; lastKnownFileType = net.daringfireball.markdown; path = "CHANGELOG.md"; sourceTree = "<group>"; };
		84337AD8D27FCD69AF2C4FC2 /* FIX.app */ = {isa = PBXFileReference; explicitFileType = wrapper.application; includeInIndex = 0; path = FIX.app; sourceTree = BUILT_PRODUCTS_DIR; };
		DFDED23FA58339F9273F6C84 /* FIXTests.xctest */ = {isa = PBXFileReference; explicitFileType = wrapper.cfbundle; includeInIndex = 0; path = FIXTests.xctest; sourceTree = BUILT_PRODUCTS_DIR; };
		547D009064F7C3F13BEF3460 /* Products */ = {
			isa = PBXGroup;
			children = (
				84337AD8D27FCD69AF2C4FC2 /* FIX.app */,
				DFDED23FA58339F9273F6C84 /* FIXTests.xctest */,
			);
			name = Products;
			sourceTree = "<group>";
		};
		518DA81DB9B99529C0C0AEBE = {
			isa = PBXGroup;
			children = (
				AC77316741C130BC58D47B64 /* FIX */,
				E5BD6D7D01F78A56876323B0 /* FIXTests */,
				BD13AA3ACFF3D0C2ED6E4720 /* Config */,
				F7408FA1AF899F069A48A14E /* README.md */,
				F1830C58D65D094F2D80B2A1 /* CHANGELOG.md */,
				547D009064F7C3F13BEF3460 /* Products */,
			);
			sourceTree = "<group>";
		};
		1D4D3F171FFEB1CE934312F0 /* Sources */ = {
			isa = PBXSourcesBuildPhase;
			buildActionMask = 2147483647;
			files = (
				D07BC2745C10BB1CBE6BA228 /* AppRouter.swift in Sources */,
				D4E8A4750851EF2277E0DE08 /* FIXApp.swift in Sources */,
				BA4E601FA04CB7B58BB52341 /* FIXIntents.swift in Sources */,
				69D7DF94B2221050164B243F /* RootView.swift in Sources */,
				ED32482A0E093A35F8D7B08B /* AppConfiguration.swift in Sources */,
				9D3AA7B5FB9C57E50B716ACB /* AppSettings.swift in Sources */,
				E554877C9A0D76CF013E14A7 /* ServiceContainer.swift in Sources */,
				6881C027B706950249DCB9E1 /* DeviceCatalog.swift in Sources */,
				1701AB035D91523AEF156F43 /* Diagnosis.swift in Sources */,
				73967CB0B86F6C899C8EECDF /* DiagnosisRequest.swift in Sources */,
				FFC3CBA5944CCCAA610E117C /* LenientDecoding.swift in Sources */,
				D4863858F2B0CB3B217C2469 /* ProblemCategory.swift in Sources */,
				BE9EBD605BEC21B22709F926 /* ProblemDetails.swift in Sources */,
				29BF8317B7F5859604C5CA02 /* TroubleshootingSession.swift in Sources */,
				6D5E9703719B3E6B9BA85A31 /* VideoResult.swift in Sources */,
				C7599230F23D0AF62F318EAA /* APIClient.swift in Sources */,
				8E5036FC8991CBF053522149 /* APIError.swift in Sources */,
				44CB64F23D54FB918A8959F1 /* Library.swift in Sources */,
				8B42B0CE12CD70AC990AEAED /* StoredModels.swift in Sources */,
				36D546BE53A3674302D5D57F /* AIService.swift in Sources */,
				AD439B91D29BEB01DF7B6A83 /* FallbackAIService.swift in Sources */,
				28D05BD81B971A97E1A23CA2 /* FIXPrompt.swift in Sources */,
				4C47CE3F3D8ED2A50F2FC0C4 /* GroqService.swift in Sources */,
				BB3509B8EDE1BA0406ED07DA /* NetworkMonitor.swift in Sources */,
				E1D45F5786F325ED6A21E02E /* ResponseCache.swift in Sources */,
				F0B938C2C6F892EC8F6A7EEB /* TroubleshootingService.swift in Sources */,
				27152D462C6E949627B46137 /* VideoRelevanceRanker.swift in Sources */,
				3F388C49A30542D340412985 /* VideoSearchService.swift in Sources */,
				A08EA71C8E80AEDF2CCBAA43 /* YouTubeVideoSearchService.swift in Sources */,
				ABEB79DD72B4BBFF63BF4533 /* TextFormatting.swift in Sources */,
				E27AC243542EFD878B41511A /* DeviceCareViewModel.swift in Sources */,
				3DF858D3E4594B21E2EB29CF /* DiagnoseViewModel.swift in Sources */,
				DDF3D96A52321688530D27DB /* SessionViewModel.swift in Sources */,
				F888954C84CEDF68344C3E7A /* BindingHelpers.swift in Sources */,
				DB1B470E40DC86D195CCD458 /* BulletLabelStyle.swift in Sources */,
				1868066F9E761A19DCA0E1A2 /* CareTipRow.swift in Sources */,
				DAB3963BE36D05DE2C4D7437 /* ErrorStateView.swift in Sources */,
				B05BFFCC513A6D3713AB4CFE /* PreviewSupport.swift in Sources */,
				1443D878AB4FD111ACA38575 /* DeviceDetailView.swift in Sources */,
				1ADE7F92E41289BF9A943237 /* DevicesView.swift in Sources */,
				653D92C795AE485C804F57AB /* DeviceSuggestionRow.swift in Sources */,
				ADB045E6E824E884F1B229C0 /* DiagnoseView.swift in Sources */,
				7398CEBB8FF945D626B5D657 /* HistoryView.swift in Sources */,
				A856AB87DA8C38BE7526C494 /* DiagnosisProgressView.swift in Sources */,
				9560E59154943B472577054D /* SessionView.swift in Sources */,
				67FF25928F30E966EB873432 /* StepRow.swift in Sources */,
				8FF56D8CF227EFEEEA56DB09 /* StoredSessionDestination.swift in Sources */,
				890ADDF56C178A3C0F4881F2 /* VideoRow.swift in Sources */,
				9DD7491D1232F99DC70F5E73 /* PrivacyView.swift in Sources */,
				9ABBDE0C9FB234BA9BAAAE31 /* SettingsView.swift in Sources */,
			);
			runOnlyForDeploymentPostprocessing = 0;
		};
		493DD3984B47B90D7F7DFFBD /* Resources */ = {
			isa = PBXResourcesBuildPhase;
			buildActionMask = 2147483647;
			files = (
				7BFC5E91C7B197662185B99C /* Assets.xcassets in Resources */,
				3564ACD7FC4BE9F4C3EC913C /* Preview Assets.xcassets in Resources */,
			);
			runOnlyForDeploymentPostprocessing = 0;
		};
		1C102E4272B8944FBC6DD772 /* Sources */ = {
			isa = PBXSourcesBuildPhase;
			buildActionMask = 2147483647;
			files = (
				753CBAD331EF151D69B08189 /* APIClientTests.swift in Sources */,
				E0D8F806AED9B0612A55A7E7 /* DeviceCatalogTests.swift in Sources */,
				6F0C6438673F60C563A5BA7F /* DiagnosisDecodingTests.swift in Sources */,
				4C9F5A14C71A91107C0D071F /* GroqServiceTests.swift in Sources */,
				D17F8C5750122661978A89D7 /* InterfaceStateTests.swift in Sources */,
				A6BBF0445AD96B6B98FFBF43 /* SessionStateTests.swift in Sources */,
				FA9455DCF6168BFC9FF6CCE3 /* TestSupport.swift in Sources */,
				110AEF8442F6972B4810696D /* TroubleshootingServiceTests.swift in Sources */,
				343CC1C13447642828C5824E /* VideoSearchTests.swift in Sources */,
			);
			runOnlyForDeploymentPostprocessing = 0;
		};
		3D716B163F67C0B593ED5333 /* Resources */ = {
			isa = PBXResourcesBuildPhase;
			buildActionMask = 2147483647;
			files = (

			);
			runOnlyForDeploymentPostprocessing = 0;
		};
		DF80E03F0005322163AE1340 /* Frameworks */ = {
			isa = PBXFrameworksBuildPhase;
			buildActionMask = 2147483647;
			files = (

			);
			runOnlyForDeploymentPostprocessing = 0;
		};
		01DE821BA6C08B75DDA2BC5A /* Frameworks */ = {
			isa = PBXFrameworksBuildPhase;
			buildActionMask = 2147483647;
			files = (

			);
			runOnlyForDeploymentPostprocessing = 0;
		};
		E3435DDA2687639586BF0B70 /* FIX */ = {
			isa = PBXNativeTarget;
			buildConfigurationList = 5505F9AF814A7F0992DE2402 /* Build configuration list for PBXNativeTarget "FIX" */;
			buildPhases = (
				1D4D3F171FFEB1CE934312F0 /* Sources */,
				DF80E03F0005322163AE1340 /* Frameworks */,
				493DD3984B47B90D7F7DFFBD /* Resources */,
			);
			buildRules = (
			);
			dependencies = (
			);
			name = FIX;
			productName = FIX;
			productReference = 84337AD8D27FCD69AF2C4FC2 /* FIX.app */;
			productType = "com.apple.product-type.application";
		};
		A700229C3AC2DAE057FE5B27 /* FIXTests */ = {
			isa = PBXNativeTarget;
			buildConfigurationList = 9B28569972ABC6047BF58B22 /* Build configuration list for PBXNativeTarget "FIXTests" */;
			buildPhases = (
				1C102E4272B8944FBC6DD772 /* Sources */,
				01DE821BA6C08B75DDA2BC5A /* Frameworks */,
				3D716B163F67C0B593ED5333 /* Resources */,
			);
			buildRules = (
			);
			dependencies = (
				E54DEBD65D8142E7785275AA /* PBXTargetDependency */,
			);
			name = FIXTests;
			productName = FIXTests;
			productReference = DFDED23FA58339F9273F6C84 /* FIXTests.xctest */;
			productType = "com.apple.product-type.bundle.unit-test";
		};
		46F86FAA6BBF9AC94A7E4595 /* Project object */ = {
			isa = PBXProject;
			attributes = {
				BuildIndependentTargetsInParallel = 1;
				LastSwiftUpdateCheck = 1600;
				LastUpgradeCheck = 1600;
				TargetAttributes = {
					E3435DDA2687639586BF0B70 = {
						CreatedOnToolsVersion = 16.0;
					};
					A700229C3AC2DAE057FE5B27 = {
						CreatedOnToolsVersion = 16.0;
						TestTargetID = E3435DDA2687639586BF0B70;
					};
				};
			};
			buildConfigurationList = 7EF2517A8FE63F4681EC5EEA /* Build configuration list for PBXProject "FIX" */;
			compatibilityVersion = "Xcode 14.0";
			developmentRegion = en;
			hasScannedForEncodings = 0;
			knownRegions = (
				en,
				Base,
			);
			mainGroup = 518DA81DB9B99529C0C0AEBE;
			productRefGroup = 547D009064F7C3F13BEF3460 /* Products */;
			projectDirPath = "";
			projectRoot = "";
			targets = (
				E3435DDA2687639586BF0B70 /* FIX */,
				A700229C3AC2DAE057FE5B27 /* FIXTests */,
			);
		};
		E54DEBD65D8142E7785275AA /* PBXTargetDependency */ = {
			isa = PBXTargetDependency;
			target = E3435DDA2687639586BF0B70 /* FIX */;
			targetProxy = 431387EB7262E1CFC79B125E /* PBXContainerItemProxy */;
		};
		431387EB7262E1CFC79B125E /* PBXContainerItemProxy */ = {
			isa = PBXContainerItemProxy;
			containerPortal = 46F86FAA6BBF9AC94A7E4595 /* Project object */;
			proxyType = 1;
			remoteGlobalIDString = E3435DDA2687639586BF0B70;
			remoteInfo = FIX;
		};
		C19BB360D63F1BA9F02BAB59 /* Debug */ = {
			isa = XCBuildConfiguration;
			baseConfigurationReference = 0C989B914EB3A37D8F7C94E3 /* Base.xcconfig */;
			buildSettings = {
				ALWAYS_SEARCH_USER_PATHS = NO;
				ASSETCATALOG_COMPILER_GENERATE_SWIFT_ASSET_SYMBOL_EXTENSIONS = YES;
				CLANG_ANALYZER_NONNULL = YES;
				CLANG_ANALYZER_NUMBER_OBJECT_CONVERSION = YES_AGGRESSIVE;
				CLANG_ENABLE_MODULES = YES;
				CLANG_ENABLE_OBJC_ARC = YES;
				CLANG_ENABLE_OBJC_WEAK = YES;
				CLANG_WARN_BLOCK_CAPTURE_AUTORELEASING = YES;
				CLANG_WARN_BOOL_CONVERSION = YES;
				CLANG_WARN_COMMA = YES;
				CLANG_WARN_CONSTANT_CONVERSION = YES;
				CLANG_WARN_DEPRECATED_OBJC_IMPLEMENTATIONS = YES;
				CLANG_WARN_DIRECT_OBJC_ISA_USAGE = YES_ERROR;
				CLANG_WARN_DOCUMENTATION_COMMENTS = YES;
				CLANG_WARN_EMPTY_BODY = YES;
				CLANG_WARN_ENUM_CONVERSION = YES;
				CLANG_WARN_INFINITE_RECURSION = YES;
				CLANG_WARN_INT_CONVERSION = YES;
				CLANG_WARN_NON_LITERAL_NULL_CONVERSION = YES;
				CLANG_WARN_OBJC_LITERAL_CONVERSION = YES;
				CLANG_WARN_OBJC_ROOT_CLASS = YES_ERROR;
				CLANG_WARN_QUOTED_INCLUDE_IN_FRAMEWORK_HEADER = YES;
				CLANG_WARN_RANGE_LOOP_ANALYSIS = YES;
				CLANG_WARN_STRICT_PROTOTYPES = YES;
				CLANG_WARN_SUSPICIOUS_MOVE = YES;
				CLANG_WARN_UNGUARDED_AVAILABILITY = YES_AGGRESSIVE;
				CLANG_WARN_UNREACHABLE_CODE = YES;
				CLANG_WARN__DUPLICATE_METHOD_MATCH = YES;
				COPY_PHASE_STRIP = NO;
				ENABLE_STRICT_OBJC_MSGSEND = YES;
				ENABLE_USER_SCRIPT_SANDBOXING = YES;
				GCC_C_LANGUAGE_STANDARD = gnu17;
				GCC_NO_COMMON_BLOCKS = YES;
				GCC_WARN_64_TO_32_BIT_CONVERSION = YES;
				GCC_WARN_ABOUT_RETURN_TYPE = YES_ERROR;
				GCC_WARN_UNDECLARED_SELECTOR = YES;
				GCC_WARN_UNINITIALIZED_AUTOS = YES_AGGRESSIVE;
				GCC_WARN_UNUSED_FUNCTION = YES;
				GCC_WARN_UNUSED_VARIABLE = YES;
				IPHONEOS_DEPLOYMENT_TARGET = 26.0;
				LOCALIZATION_PREFERS_STRING_CATALOGS = YES;
				MTL_FAST_MATH = YES;
				SDKROOT = iphoneos;
				DEBUG_INFORMATION_FORMAT = dwarf;
				ENABLE_TESTABILITY = YES;
				GCC_DYNAMIC_NO_PIC = NO;
				GCC_OPTIMIZATION_LEVEL = 0;
				GCC_PREPROCESSOR_DEFINITIONS = (
					"DEBUG=1",
					"$(inherited)",
				);
				MTL_ENABLE_DEBUG_INFO = INCLUDE_SOURCE;
				ONLY_ACTIVE_ARCH = YES;
				SWIFT_ACTIVE_COMPILATION_CONDITIONS = "DEBUG $(inherited)";
				SWIFT_OPTIMIZATION_LEVEL = "-Onone";
			};
			name = Debug;
		};
		88A29AB70C762FCDF6D9A1D3 /* Release */ = {
			isa = XCBuildConfiguration;
			baseConfigurationReference = 0C989B914EB3A37D8F7C94E3 /* Base.xcconfig */;
			buildSettings = {
				ALWAYS_SEARCH_USER_PATHS = NO;
				ASSETCATALOG_COMPILER_GENERATE_SWIFT_ASSET_SYMBOL_EXTENSIONS = YES;
				CLANG_ANALYZER_NONNULL = YES;
				CLANG_ANALYZER_NUMBER_OBJECT_CONVERSION = YES_AGGRESSIVE;
				CLANG_ENABLE_MODULES = YES;
				CLANG_ENABLE_OBJC_ARC = YES;
				CLANG_ENABLE_OBJC_WEAK = YES;
				CLANG_WARN_BLOCK_CAPTURE_AUTORELEASING = YES;
				CLANG_WARN_BOOL_CONVERSION = YES;
				CLANG_WARN_COMMA = YES;
				CLANG_WARN_CONSTANT_CONVERSION = YES;
				CLANG_WARN_DEPRECATED_OBJC_IMPLEMENTATIONS = YES;
				CLANG_WARN_DIRECT_OBJC_ISA_USAGE = YES_ERROR;
				CLANG_WARN_DOCUMENTATION_COMMENTS = YES;
				CLANG_WARN_EMPTY_BODY = YES;
				CLANG_WARN_ENUM_CONVERSION = YES;
				CLANG_WARN_INFINITE_RECURSION = YES;
				CLANG_WARN_INT_CONVERSION = YES;
				CLANG_WARN_NON_LITERAL_NULL_CONVERSION = YES;
				CLANG_WARN_OBJC_LITERAL_CONVERSION = YES;
				CLANG_WARN_OBJC_ROOT_CLASS = YES_ERROR;
				CLANG_WARN_QUOTED_INCLUDE_IN_FRAMEWORK_HEADER = YES;
				CLANG_WARN_RANGE_LOOP_ANALYSIS = YES;
				CLANG_WARN_STRICT_PROTOTYPES = YES;
				CLANG_WARN_SUSPICIOUS_MOVE = YES;
				CLANG_WARN_UNGUARDED_AVAILABILITY = YES_AGGRESSIVE;
				CLANG_WARN_UNREACHABLE_CODE = YES;
				CLANG_WARN__DUPLICATE_METHOD_MATCH = YES;
				COPY_PHASE_STRIP = NO;
				ENABLE_STRICT_OBJC_MSGSEND = YES;
				ENABLE_USER_SCRIPT_SANDBOXING = YES;
				GCC_C_LANGUAGE_STANDARD = gnu17;
				GCC_NO_COMMON_BLOCKS = YES;
				GCC_WARN_64_TO_32_BIT_CONVERSION = YES;
				GCC_WARN_ABOUT_RETURN_TYPE = YES_ERROR;
				GCC_WARN_UNDECLARED_SELECTOR = YES;
				GCC_WARN_UNINITIALIZED_AUTOS = YES_AGGRESSIVE;
				GCC_WARN_UNUSED_FUNCTION = YES;
				GCC_WARN_UNUSED_VARIABLE = YES;
				IPHONEOS_DEPLOYMENT_TARGET = 26.0;
				LOCALIZATION_PREFERS_STRING_CATALOGS = YES;
				MTL_FAST_MATH = YES;
				SDKROOT = iphoneos;
				DEBUG_INFORMATION_FORMAT = "dwarf-with-dsym";
				ENABLE_NS_ASSERTIONS = NO;
				MTL_ENABLE_DEBUG_INFO = NO;
				SWIFT_COMPILATION_MODE = wholemodule;
				VALIDATE_PRODUCT = YES;
			};
			name = Release;
		};
		91B8F6FB95707A0AB87A87F1 /* Debug */ = {
			isa = XCBuildConfiguration;
			buildSettings = {
				ASSETCATALOG_COMPILER_APPICON_NAME = AppIcon;
				ASSETCATALOG_COMPILER_GLOBAL_ACCENT_COLOR_NAME = AccentColor;
				CODE_SIGN_STYLE = Automatic;
				CURRENT_PROJECT_VERSION = 1;
				DEVELOPMENT_ASSET_PATHS = "\"FIX/Preview Content\"";
				ENABLE_PREVIEWS = YES;
				GENERATE_INFOPLIST_FILE = NO;
				INFOPLIST_FILE = Config/Info.plist;
				LD_RUNPATH_SEARCH_PATHS = (
					"$(inherited)",
					"@executable_path/Frameworks",
				);
				MARKETING_VERSION = 1.0;
				PRODUCT_BUNDLE_IDENTIFIER = com.example.FIX;
				PRODUCT_NAME = "$(TARGET_NAME)";
				SWIFT_EMIT_LOC_STRINGS = YES;
				SWIFT_VERSION = 5.0;
				TARGETED_DEVICE_FAMILY = "1,2";
			};
			name = Debug;
		};
		BB071F776B40F4837F61A6A3 /* Release */ = {
			isa = XCBuildConfiguration;
			buildSettings = {
				ASSETCATALOG_COMPILER_APPICON_NAME = AppIcon;
				ASSETCATALOG_COMPILER_GLOBAL_ACCENT_COLOR_NAME = AccentColor;
				CODE_SIGN_STYLE = Automatic;
				CURRENT_PROJECT_VERSION = 1;
				DEVELOPMENT_ASSET_PATHS = "\"FIX/Preview Content\"";
				ENABLE_PREVIEWS = YES;
				GENERATE_INFOPLIST_FILE = NO;
				INFOPLIST_FILE = Config/Info.plist;
				LD_RUNPATH_SEARCH_PATHS = (
					"$(inherited)",
					"@executable_path/Frameworks",
				);
				MARKETING_VERSION = 1.0;
				PRODUCT_BUNDLE_IDENTIFIER = com.example.FIX;
				PRODUCT_NAME = "$(TARGET_NAME)";
				SWIFT_EMIT_LOC_STRINGS = YES;
				SWIFT_VERSION = 5.0;
				TARGETED_DEVICE_FAMILY = "1,2";
			};
			name = Release;
		};
		58F04E6CEF79D04D48A072E5 /* Debug */ = {
			isa = XCBuildConfiguration;
			buildSettings = {
				BUNDLE_LOADER = "$(TEST_HOST)";
				CURRENT_PROJECT_VERSION = 1;
				GENERATE_INFOPLIST_FILE = YES;
				MARKETING_VERSION = 1.0;
				PRODUCT_BUNDLE_IDENTIFIER = com.example.FIXTests;
				PRODUCT_NAME = "$(TARGET_NAME)";
				SWIFT_EMIT_LOC_STRINGS = NO;
				SWIFT_VERSION = 5.0;
				TARGETED_DEVICE_FAMILY = "1,2";
				TEST_HOST = "$(BUILT_PRODUCTS_DIR)/FIX.app/$(BUNDLE_EXECUTABLE_FOLDER_PATH)/FIX";
			};
			name = Debug;
		};
		8BEF7D6F48ABC8DA506281C2 /* Release */ = {
			isa = XCBuildConfiguration;
			buildSettings = {
				BUNDLE_LOADER = "$(TEST_HOST)";
				CURRENT_PROJECT_VERSION = 1;
				GENERATE_INFOPLIST_FILE = YES;
				MARKETING_VERSION = 1.0;
				PRODUCT_BUNDLE_IDENTIFIER = com.example.FIXTests;
				PRODUCT_NAME = "$(TARGET_NAME)";
				SWIFT_EMIT_LOC_STRINGS = NO;
				SWIFT_VERSION = 5.0;
				TARGETED_DEVICE_FAMILY = "1,2";
				TEST_HOST = "$(BUILT_PRODUCTS_DIR)/FIX.app/$(BUNDLE_EXECUTABLE_FOLDER_PATH)/FIX";
			};
			name = Release;
		};
		7EF2517A8FE63F4681EC5EEA /* Build configuration list for PBXProject "FIX" */ = {
			isa = XCConfigurationList;
			buildConfigurations = (
				C19BB360D63F1BA9F02BAB59 /* Debug */,
				88A29AB70C762FCDF6D9A1D3 /* Release */,
			);
			defaultConfigurationIsVisible = 0;
			defaultConfigurationName = Release;
		};
		5505F9AF814A7F0992DE2402 /* Build configuration list for PBXNativeTarget "FIX" */ = {
			isa = XCConfigurationList;
			buildConfigurations = (
				91B8F6FB95707A0AB87A87F1 /* Debug */,
				BB071F776B40F4837F61A6A3 /* Release */,
			);
			defaultConfigurationIsVisible = 0;
			defaultConfigurationName = Release;
		};
		9B28569972ABC6047BF58B22 /* Build configuration list for PBXNativeTarget "FIXTests" */ = {
			isa = XCConfigurationList;
			buildConfigurations = (
				58F04E6CEF79D04D48A072E5 /* Debug */,
				8BEF7D6F48ABC8DA506281C2 /* Release */,
			);
			defaultConfigurationIsVisible = 0;
			defaultConfigurationName = Release;
		};

	};
	rootObject = 46F86FAA6BBF9AC94A7E4595 /* Project object */;
}
